<Solution>
  <Folder Name="/src/">
    <Project Path="src/Chess.Api/Chess.Api.csproj" />
    <Project Path="src/Chess.Infrastructure/Chess.Infrastructure.csproj" />
  </Folder>
  <Folder Name="/tests/">
    <Project Path="tests/Chess.IntegrationTests/Chess.IntegrationTests.csproj" />
    <Project Path="tests/Chess.UnitTests/Chess.UnitTests.csproj" />
  </Folder>
</Solution>
